
Microsoft Visual Studio Solution File, Format Version 12.00
# Visual Studio Version 17
VisualStudioVersion = 17.5.33627.172
MinimumVisualStudioVersion = 10.0.40219.1
Project("{2150E333-8FDC-42A3-9474-1A3956D46DE8}") = "src", "src", "{8C41F65C-DC6F-4864-B5BA-C073A811EF8C}"
EndProject
Project("{9A19103F-16F7-4668-BE54-9A1E7A4F7556}") = "TimeStone.Store.EntityFramework", "src\TimeStone.Store.EntityFramework\TimeStone.Store.EntityFramework.csproj", "{47A051F4-EE9D-49E0-8617-3E841C38B3E4}"
EndProject
Project("{9A19103F-16F7-4668-BE54-9A1E7A4F7556}") = "TimeStone.Store.InMemory", "src\TimeStone.Store.InMemory\TimeStone.Store.InMemory.csproj", "{5EE9515C-917F-4E46-9833-B319F7003F21}"
EndProject
Project("{9A19103F-16F7-4668-BE54-9A1E7A4F7556}") = "TimeStone", "src\TimeStone\TimeStone.csproj", "{76BFEE45-A63A-41EE-8DC8-5A1EC0608425}"
EndProject
Project("{2150E333-8FDC-42A3-9474-1A3956D46DE8}") = "samples", "samples", "{3E261CE7-E1B3-4748-BD6E-5463D61184BC}"
EndProject
Project("{FAE04EC0-301F-11D3-BF4B-00C04F79EFBC}") = "ConsoleSample", "samples\ConsoleSample\ConsoleSample.csproj", "{40672F12-52D2-4678-8262-AEF756E2BE2D}"
EndProject
Project("{2150E333-8FDC-42A3-9474-1A3956D46DE8}") = "test", "test", "{5EC24A24-E7D8-4A2E-9563-F30F43B29AEE}"
EndProject
Project("{FAE04EC0-301F-11D3-BF4B-00C04F79EFBC}") = "TimeStone.Tests", "test\TimeStone.Tests\TimeStone.Tests.csproj", "{2C0692A3-4271-4633-8C6D-79AA5F671ECC}"
EndProject
Project("{FAE04EC0-301F-11D3-BF4B-00C04F79EFBC}") = "TimeStone.Abstractions", "src\TimeStone.Abstractions\TimeStone.Abstractions.csproj", "{021A0AD3-5D6F-41D9-9F1F-A7BF1A22BE2B}"
EndProject
Global
	GlobalSection(SolutionConfigurationPlatforms) = preSolution
		Debug|Any CPU = Debug|Any CPU
		Release|Any CPU = Release|Any CPU
	EndGlobalSection
	GlobalSection(ProjectConfigurationPlatforms) = postSolution
		{47A051F4-EE9D-49E0-8617-3E841C38B3E4}.Debug|Any CPU.ActiveCfg = Debug|Any CPU
		{47A051F4-EE9D-49E0-8617-3E841C38B3E4}.Debug|Any CPU.Build.0 = Debug|Any CPU
		{47A051F4-EE9D-49E0-8617-3E841C38B3E4}.Release|Any CPU.ActiveCfg = Release|Any CPU
		{47A051F4-EE9D-49E0-8617-3E841C38B3E4}.Release|Any CPU.Build.0 = Release|Any CPU
		{5EE9515C-917F-4E46-9833-B319F7003F21}.Debug|Any CPU.ActiveCfg = Debug|Any CPU
		{5EE9515C-917F-4E46-9833-B319F7003F21}.Debug|Any CPU.Build.0 = Debug|Any CPU
		{5EE9515C-917F-4E46-9833-B319F7003F21}.Release|Any CPU.ActiveCfg = Release|Any CPU
		{5EE9515C-917F-4E46-9833-B319F7003F21}.Release|Any CPU.Build.0 = Release|Any CPU
		{76BFEE45-A63A-41EE-8DC8-5A1EC0608425}.Debug|Any CPU.ActiveCfg = Debug|Any CPU
		{76BFEE45-A63A-41EE-8DC8-5A1EC0608425}.Debug|Any CPU.Build.0 = Debug|Any CPU
		{76BFEE45-A63A-41EE-8DC8-5A1EC0608425}.Release|Any CPU.ActiveCfg = Release|Any CPU
		{76BFEE45-A63A-41EE-8DC8-5A1EC0608425}.Release|Any CPU.Build.0 = Release|Any CPU
		{40672F12-52D2-4678-8262-AEF756E2BE2D}.Debug|Any CPU.ActiveCfg = Debug|Any CPU
		{40672F12-52D2-4678-8262-AEF756E2BE2D}.Debug|Any CPU.Build.0 = Debug|Any CPU
		{40672F12-52D2-4678-8262-AEF756E2BE2D}.Release|Any CPU.ActiveCfg = Release|Any CPU
		{40672F12-52D2-4678-8262-AEF756E2BE2D}.Release|Any CPU.Build.0 = Release|Any CPU
		{2C0692A3-4271-4633-8C6D-79AA5F671ECC}.Debug|Any CPU.ActiveCfg = Debug|Any CPU
		{2C0692A3-4271-4633-8C6D-79AA5F671ECC}.Debug|Any CPU.Build.0 = Debug|Any CPU
		{2C0692A3-4271-4633-8C6D-79AA5F671ECC}.Release|Any CPU.ActiveCfg = Release|Any CPU
		{2C0692A3-4271-4633-8C6D-79AA5F671ECC}.Release|Any CPU.Build.0 = Release|Any CPU
		{021A0AD3-5D6F-41D9-9F1F-A7BF1A22BE2B}.Debug|Any CPU.ActiveCfg = Debug|Any CPU
		{021A0AD3-5D6F-41D9-9F1F-A7BF1A22BE2B}.Debug|Any CPU.Build.0 = Debug|Any CPU
		{021A0AD3-5D6F-41D9-9F1F-A7BF1A22BE2B}.Release|Any CPU.ActiveCfg = Release|Any CPU
		{021A0AD3-5D6F-41D9-9F1F-A7BF1A22BE2B}.Release|Any CPU.Build.0 = Release|Any CPU
	EndGlobalSection
	GlobalSection(SolutionProperties) = preSolution
		HideSolutionNode = FALSE
	EndGlobalSection
	GlobalSection(NestedProjects) = preSolution
		{47A051F4-EE9D-49E0-8617-3E841C38B3E4} = {8C41F65C-DC6F-4864-B5BA-C073A811EF8C}
		{5EE9515C-917F-4E46-9833-B319F7003F21} = {8C41F65C-DC6F-4864-B5BA-C073A811EF8C}
		{76BFEE45-A63A-41EE-8DC8-5A1EC0608425} = {8C41F65C-DC6F-4864-B5BA-C073A811EF8C}
		{40672F12-52D2-4678-8262-AEF756E2BE2D} = {3E261CE7-E1B3-4748-BD6E-5463D61184BC}
		{2C0692A3-4271-4633-8C6D-79AA5F671ECC} = {5EC24A24-E7D8-4A2E-9563-F30F43B29AEE}
		{021A0AD3-5D6F-41D9-9F1F-A7BF1A22BE2B} = {8C41F65C-DC6F-4864-B5BA-C073A811EF8C}
	EndGlobalSection
	GlobalSection(ExtensibilityGlobals) = postSolution
		SolutionGuid = {66F0C1BE-D77C-44AE-8DB0-AFFE1FF9708D}
	EndGlobalSection
EndGlobal
